
Microsoft Visual Studio Solution File, Format Version 12.00
# Visual Studio Version 16
VisualStudioVersion = 16.0.31727.386
MinimumVisualStudioVersion = 10.0.40219.1
Project("{FAE04EC0-301F-11D3-BF4B-00C04F79EFBC}") = "SalesWebMvc", "SalesWebMvc\SalesWebMvc.csproj", "{E9027FB0-4F39-4D74-B9FE-9840C226BA5A}"
EndProject
Global
	GlobalSection(SolutionConfigurationPlatforms) = preSolution
		Debug|Any CPU = Debug|Any CPU
		Release|Any CPU = Release|Any CPU
	EndGlobalSection
	GlobalSection(ProjectConfigurationPlatforms) = postSolution
		{E9027FB0-4F39-4D74-B9FE-9840C226BA5A}.Debug|Any CPU.ActiveCfg = Debug|Any CPU
		{E9027FB0-4F39-4D74-B9FE-9840C226BA5A}.Debug|Any CPU.Build.0 = Debug|Any CPU
		{E9027FB0-4F39-4D74-B9FE-9840C226BA5A}.Release|Any CPU.ActiveCfg = Release|Any CPU
		{E9027FB0-4F39-4D74-B9FE-9840C226BA5A}.Release|Any CPU.Build.0 = Release|Any CPU
	EndGlobalSection
	GlobalSection(SolutionProperties) = preSolution
		HideSolutionNode = FALSE
	EndGlobalSection
	GlobalSection(ExtensibilityGlobals) = postSolution
		SolutionGuid = {6D4C8078-CE35-41A1-815B-A68C13733C14}
	EndGlobalSection
EndGlobal
